{
  "name": "boba-web",
  "lockfileVersion": 3,
  "requires": true,
  "packages": {
    "": {
      "dependencies": {
        "@fontsource/poppins": "^5.0.3",
        "@fontsource/roboto": "^5.0.3"
      }
    },
    "node_modules/@fontsource/poppins": {
      "version": "5.0.3",
      "resolved": "https://registry.npmjs.org/@fontsource/poppins/-/poppins-5.0.3.tgz",
      "integrity": "sha512-5lL2vmvmh4zbknTh1nVH9pTWyhYqAlYMHIAnkNhqo5qwMZGlr+coM1dtMwiQHRBgmHAl3ZvJ35Bj0s8cpmXZbg=="
    },
    "node_modules/@fontsource/roboto": {
      "version": "5.0.3",
      "resolved": "https://registry.npmjs.org/@fontsource/roboto/-/roboto-5.0.3.tgz",
      "integrity": "sha512-jbZDFwEFARDlo8TqG7th/xjhuq87GYfFpFb+uxuy+0Ng1bhRVgBRWlLj8+WIKhCTOr+h4QXbjpybLWFLUirOwQ=="
    }
  }
}
